
Microsoft Visual Studio Solution File, Format Version 12.00
# Visual Studio 15
VisualStudioVersion = 15.0.27130.2024
MinimumVisualStudioVersion = 10.0.40219.1
Project("{FAE04EC0-301F-11D3-BF4B-00C04F79EFBC}") = "App1", "App1\App1.csproj", "{084CC50F-AF35-4A63-AF0D-2019C0C74641}"
EndProject
Project("{FAE04EC0-301F-11D3-BF4B-00C04F79EFBC}") = "Xamarin.Android", "Xamarin\Xamarin.Android\Xamarin.Android.csproj", "{F3092D36-8932-4CDB-A0BB-707A7F856272}"
EndProject
Project("{FAE04EC0-301F-11D3-BF4B-00C04F79EFBC}") = "Xamarin.iOS", "Xamarin\Xamarin.iOS\Xamarin.iOS.csproj", "{3BD3B351-6F4A-49A4-8333-C3F437A623DE}"
EndProject
Project("{FAE04EC0-301F-11D3-BF4B-00C04F79EFBC}") = "Xamarin.UWP", "Xamarin\Xamarin.UWP\Xamarin.UWP.csproj", "{0ED076E5-2F49-4619-BD87-DC40212AE021}"
EndProject
Project("{9A19103F-16F7-4668-BE54-9A1E7A4F7556}") = "Xamarin", "Xamarin\Xamarin\Xamarin.csproj", "{51C7AD3C-BFC3-4269-BD0B-A471A52E96EF}"
EndProject
Project("{FAE04EC0-301F-11D3-BF4B-00C04F79EFBC}") = "WpfApp1", "WpfApp1\WpfApp1.csproj", "{0659A3B8-0155-4C5F-B5DD-234C37C9BF1F}"
EndProject
Project("{2150E333-8FDC-42A3-9474-1A3956D46DE8}") = "WPF", "WPF", "{19A363CC-C199-487F-8124-92F50799C47D}"
EndProject
Project("{2150E333-8FDC-42A3-9474-1A3956D46DE8}") = "UWP", "UWP", "{638C7C5F-299D-4DB7-8B01-520039CF13F3}"
EndProject
Project("{2150E333-8FDC-42A3-9474-1A3956D46DE8}") = "Xam", "Xam", "{F734FF1D-D4BB-4978-823A-66BE2C32A420}"
EndProject
Project("{FAE04EC0-301F-11D3-BF4B-00C04F79EFBC}") = "Common", "Common\Common.csproj", "{20DF1781-5A3D-4D64-9AD7-ADDFF4971DCE}"
EndProject
Global
	GlobalSection(SolutionConfigurationPlatforms) = preSolution
		Ad-Hoc|Any CPU = Ad-Hoc|Any CPU
		Ad-Hoc|ARM = Ad-Hoc|ARM
		Ad-Hoc|iPhone = Ad-Hoc|iPhone
		Ad-Hoc|iPhoneSimulator = Ad-Hoc|iPhoneSimulator
		Ad-Hoc|x64 = Ad-Hoc|x64
		Ad-Hoc|x86 = Ad-Hoc|x86
		AppStore|Any CPU = AppStore|Any CPU
		AppStore|ARM = AppStore|ARM
		AppStore|iPhone = AppStore|iPhone
		AppStore|iPhoneSimulator = AppStore|iPhoneSimulator
		AppStore|x64 = AppStore|x64
		AppStore|x86 = AppStore|x86
		Debug|Any CPU = Debug|Any CPU
		Debug|ARM = Debug|ARM
		Debug|iPhone = Debug|iPhone
		Debug|iPhoneSimulator = Debug|iPhoneSimulator
		Debug|x64 = Debug|x64
		Debug|x86 = Debug|x86
		Release|Any CPU = Release|Any CPU
		Release|ARM = Release|ARM
		Release|iPhone = Release|iPhone
		Release|iPhoneSimulator = Release|iPhoneSimulator
		Release|x64 = Release|x64
		Release|x86 = Release|x86
	EndGlobalSection
	GlobalSection(ProjectConfigurationPlatforms) = postSolution
		{084CC50F-AF35-4A63-AF0D-2019C0C74641}.Ad-Hoc|Any CPU.ActiveCfg = Release|x86
		{084CC50F-AF35-4A63-AF0D-2019C0C74641}.Ad-Hoc|Any CPU.Build.0 = Release|x86
		{084CC50F-AF35-4A63-AF0D-2019C0C74641}.Ad-Hoc|Any CPU.Deploy.0 = Release|x86
		{084CC50F-AF35-4A63-AF0D-2019C0C74641}.Ad-Hoc|ARM.ActiveCfg = Release|ARM
		{084CC50F-AF35-4A63-AF0D-2019C0C74641}.Ad-Hoc|ARM.Build.0 = Release|ARM
		{084CC50F-AF35-4A63-AF0D-2019C0C74641}.Ad-Hoc|ARM.Deploy.0 = Release|ARM
		{084CC50F-AF35-4A63-AF0D-2019C0C74641}.Ad-Hoc|iPhone.ActiveCfg = Release|x86
		{084CC50F-AF35-4A63-AF0D-2019C0C74641}.Ad-Hoc|iPhone.Build.0 = Release|x86
		{084CC50F-AF35-4A63-AF0D-2019C0C74641}.Ad-Hoc|iPhone.Deploy.0 = Release|x86
		{084CC50F-AF35-4A63-AF0D-2019C0C74641}.Ad-Hoc|iPhoneSimulator.ActiveCfg = Release|x86
		{084CC50F-AF35-4A63-AF0D-2019C0C74641}.Ad-Hoc|iPhoneSimulator.Build.0 = Release|x86
		{084CC50F-AF35-4A63-AF0D-2019C0C74641}.Ad-Hoc|iPhoneSimulator.Deploy.0 = Release|x86
		{084CC50F-AF35-4A63-AF0D-2019C0C74641}.Ad-Hoc|x64.ActiveCfg = Release|x64
		{084CC50F-AF35-4A63-AF0D-2019C0C74641}.Ad-Hoc|x64.Build.0 = Release|x64
		{084CC50F-AF35-4A63-AF0D-2019C0C74641}.Ad-Hoc|x64.Deploy.0 = Release|x64
		{084CC50F-AF35-4A63-AF0D-2019C0C74641}.Ad-Hoc|x86.ActiveCfg = Release|x86
		{084CC50F-AF35-4A63-AF0D-2019C0C74641}.Ad-Hoc|x86.Build.0 = Release|x86
		{084CC50F-AF35-4A63-AF0D-2019C0C74641}.Ad-Hoc|x86.Deploy.0 = Release|x86
		{084CC50F-AF35-4A63-AF0D-2019C0C74641}.AppStore|Any CPU.ActiveCfg = Release|x86
		{084CC50F-AF35-4A63-AF0D-2019C0C74641}.AppStore|Any CPU.Build.0 = Release|x86
		{084CC50F-AF35-4A63-AF0D-2019C0C74641}.AppStore|Any CPU.Deploy.0 = Release|x86
		{084CC50F-AF35-4A63-AF0D-2019C0C74641}.AppStore|ARM.ActiveCfg = Release|ARM
		{084CC50F-AF35-4A63-AF0D-2019C0C74641}.AppStore|ARM.Build.0 = Release|ARM
		{084CC50F-AF35-4A63-AF0D-2019C0C74641}.AppStore|ARM.Deploy.0 = Release|ARM
		{084CC50F-AF35-4A63-AF0D-2019C0C74641}.AppStore|iPhone.ActiveCfg = Release|x86
		{084CC50F-AF35-4A63-AF0D-2019C0C74641}.AppStore|iPhone.Build.0 = Release|x86
		{084CC50F-AF35-4A63-AF0D-2019C0C74641}.AppStore|iPhone.Deploy.0 = Release|x86
		{084CC50F-AF35-4A63-AF0D-2019C0C74641}.AppStore|iPhoneSimulator.ActiveCfg = Release|x86
		{084CC50F-AF35-4A63-AF0D-2019C0C74641}.AppStore|iPhoneSimulator.Build.0 = Release|x86
		{084CC50F-AF35-4A63-AF0D-2019C0C74641}.AppStore|iPhoneSimulator.Deploy.0 = Release|x86
		{084CC50F-AF35-4A63-AF0D-2019C0C74641}.AppStore|x64.ActiveCfg = Release|x64
		{084CC50F-AF35-4A63-AF0D-2019C0C74641}.AppStore|x64.Build.0 = Release|x64
		{084CC50F-AF35-4A63-AF0D-2019C0C74641}.AppStore|x64.Deploy.0 = Release|x64
		{084CC50F-AF35-4A63-AF0D-2019C0C74641}.AppStore|x86.ActiveCfg = Release|x86
		{084CC50F-AF35-4A63-AF0D-2019C0C74641}.AppStore|x86.Build.0 = Release|x86
		{084CC50F-AF35-4A63-AF0D-2019C0C74641}.AppStore|x86.Deploy.0 = Release|x86
		{084CC50F-AF35-4A63-AF0D-2019C0C74641}.Debug|Any CPU.ActiveCfg = Debug|x86
		{084CC50F-AF35-4A63-AF0D-2019C0C74641}.Debug|ARM.ActiveCfg = Debug|ARM
		{084CC50F-AF35-4A63-AF0D-2019C0C74641}.Debug|ARM.Build.0 = Debug|ARM
		{084CC50F-AF35-4A63-AF0D-2019C0C74641}.Debug|ARM.Deploy.0 = Debug|ARM
		{084CC50F-AF35-4A63-AF0D-2019C0C74641}.Debug|iPhone.ActiveCfg = Debug|x86
		{084CC50F-AF35-4A63-AF0D-2019C0C74641}.Debug|iPhoneSimulator.ActiveCfg = Debug|x86
		{084CC50F-AF35-4A63-AF0D-2019C0C74641}.Debug|x64.ActiveCfg = Debug|x64
		{084CC50F-AF35-4A63-AF0D-2019C0C74641}.Debug|x64.Build.0 = Debug|x64
		{084CC50F-AF35-4A63-AF0D-2019C0C74641}.Debug|x64.Deploy.0 = Debug|x64
		{084CC50F-AF35-4A63-AF0D-2019C0C74641}.Debug|x86.ActiveCfg = Debug|x86
		{084CC50F-AF35-4A63-AF0D-2019C0C74641}.Debug|x86.Build.0 = Debug|x86
		{084CC50F-AF35-4A63-AF0D-2019C0C74641}.Debug|x86.Deploy.0 = Debug|x86
		{084CC50F-AF35-4A63-AF0D-2019C0C74641}.Release|Any CPU.ActiveCfg = Release|x86
		{084CC50F-AF35-4A63-AF0D-2019C0C74641}.Release|ARM.ActiveCfg = Release|ARM
		{084CC50F-AF35-4A63-AF0D-2019C0C74641}.Release|ARM.Build.0 = Release|ARM
		{084CC50F-AF35-4A63-AF0D-2019C0C74641}.Release|ARM.Deploy.0 = Release|ARM
		{084CC50F-AF35-4A63-AF0D-2019C0C74641}.Release|iPhone.ActiveCfg = Release|x86
		{084CC50F-AF35-4A63-AF0D-2019C0C74641}.Release|iPhoneSimulator.ActiveCfg = Release|x86
		{084CC50F-AF35-4A63-AF0D-2019C0C74641}.Release|x64.ActiveCfg = Release|x64
		{084CC50F-AF35-4A63-AF0D-2019C0C74641}.Release|x64.Build.0 = Release|x64
		{084CC50F-AF35-4A63-AF0D-2019C0C74641}.Release|x64.Deploy.0 = Release|x64
		{084CC50F-AF35-4A63-AF0D-2019C0C74641}.Release|x86.ActiveCfg = Release|x86
		{084CC50F-AF35-4A63-AF0D-2019C0C74641}.Release|x86.Build.0 = Release|x86
		{084CC50F-AF35-4A63-AF0D-2019C0C74641}.Release|x86.Deploy.0 = Release|x86
		{F3092D36-8932-4CDB-A0BB-707A7F856272}.Ad-Hoc|Any CPU.ActiveCfg = Release|Any CPU
		{F3092D36-8932-4CDB-A0BB-707A7F856272}.Ad-Hoc|Any CPU.Build.0 = Release|Any CPU
		{F3092D36-8932-4CDB-A0BB-707A7F856272}.Ad-Hoc|Any CPU.Deploy.0 = Release|Any CPU
		{F3092D36-8932-4CDB-A0BB-707A7F856272}.Ad-Hoc|ARM.ActiveCfg = Release|Any CPU
		{F3092D36-8932-4CDB-A0BB-707A7F856272}.Ad-Hoc|ARM.Build.0 = Release|Any CPU
		{F3092D36-8932-4CDB-A0BB-707A7F856272}.Ad-Hoc|ARM.Deploy.0 = Release|Any CPU
		{F3092D36-8932-4CDB-A0BB-707A7F856272}.Ad-Hoc|iPhone.ActiveCfg = Release|Any CPU
		{F3092D36-8932-4CDB-A0BB-707A7F856272}.Ad-Hoc|iPhone.Build.0 = Release|Any CPU
		{F3092D36-8932-4CDB-A0BB-707A7F856272}.Ad-Hoc|iPhone.Deploy.0 = Release|Any CPU
		{F3092D36-8932-4CDB-A0BB-707A7F856272}.Ad-Hoc|iPhoneSimulator.ActiveCfg = Release|Any CPU
		{F3092D36-8932-4CDB-A0BB-707A7F856272}.Ad-Hoc|iPhoneSimulator.Build.0 = Release|Any CPU
		{F3092D36-8932-4CDB-A0BB-707A7F856272}.Ad-Hoc|iPhoneSimulator.Deploy.0 = Release|Any CPU
		{F3092D36-8932-4CDB-A0BB-707A7F856272}.Ad-Hoc|x64.ActiveCfg = Release|Any CPU
		{F3092D36-8932-4CDB-A0BB-707A7F856272}.Ad-Hoc|x64.Build.0 = Release|Any CPU
		{F3092D36-8932-4CDB-A0BB-707A7F856272}.Ad-Hoc|x64.Deploy.0 = Release|Any CPU
		{F3092D36-8932-4CDB-A0BB-707A7F856272}.Ad-Hoc|x86.ActiveCfg = Release|Any CPU
		{F3092D36-8932-4CDB-A0BB-707A7F856272}.Ad-Hoc|x86.Build.0 = Release|Any CPU
		{F3092D36-8932-4CDB-A0BB-707A7F856272}.Ad-Hoc|x86.Deploy.0 = Release|Any CPU
		{F3092D36-8932-4CDB-A0BB-707A7F856272}.AppStore|Any CPU.ActiveCfg = Release|Any CPU
		{F3092D36-8932-4CDB-A0BB-707A7F856272}.AppStore|Any CPU.Build.0 = Release|Any CPU
		{F3092D36-8932-4CDB-A0BB-707A7F856272}.AppStore|Any CPU.Deploy.0 = Release|Any CPU
		{F3092D36-8932-4CDB-A0BB-707A7F856272}.AppStore|ARM.ActiveCfg = Release|Any CPU
		{F3092D36-8932-4CDB-A0BB-707A7F856272}.AppStore|ARM.Build.0 = Release|Any CPU
		{F3092D36-8932-4CDB-A0BB-707A7F856272}.AppStore|ARM.Deploy.0 = Release|Any CPU
		{F3092D36-8932-4CDB-A0BB-707A7F856272}.AppStore|iPhone.ActiveCfg = Release|Any CPU
		{F3092D36-8932-4CDB-A0BB-707A7F856272}.AppStore|iPhone.Build.0 = Release|Any CPU
		{F3092D36-8932-4CDB-A0BB-707A7F856272}.AppStore|iPhone.Deploy.0 = Release|Any CPU
		{F3092D36-8932-4CDB-A0BB-707A7F856272}.AppStore|iPhoneSimulator.ActiveCfg = Release|Any CPU
		{F3092D36-8932-4CDB-A0BB-707A7F856272}.AppStore|iPhoneSimulator.Build.0 = Release|Any CPU
		{F3092D36-8932-4CDB-A0BB-707A7F856272}.AppStore|iPhoneSimulator.Deploy.0 = Release|Any CPU
		{F3092D36-8932-4CDB-A0BB-707A7F856272}.AppStore|x64.ActiveCfg = Release|Any CPU
		{F3092D36-8932-4CDB-A0BB-707A7F856272}.AppStore|x64.Build.0 = Release|Any CPU
		{F3092D36-8932-4CDB-A0BB-707A7F856272}.AppStore|x64.Deploy.0 = Release|Any CPU
		{F3092D36-8932-4CDB-A0BB-707A7F856272}.AppStore|x86.ActiveCfg = Release|Any CPU
		{F3092D36-8932-4CDB-A0BB-707A7F856272}.AppStore|x86.Build.0 = Release|Any CPU
		{F3092D36-8932-4CDB-A0BB-707A7F856272}.AppStore|x86.Deploy.0 = Release|Any CPU
		{F3092D36-8932-4CDB-A0BB-707A7F856272}.Debug|Any CPU.ActiveCfg = Debug|Any CPU
		{F3092D36-8932-4CDB-A0BB-707A7F856272}.Debug|Any CPU.Build.0 = Debug|Any CPU
		{F3092D36-8932-4CDB-A0BB-707A7F856272}.Debug|Any CPU.Deploy.0 = Debug|Any CPU
		{F3092D36-8932-4CDB-A0BB-707A7F856272}.Debug|ARM.ActiveCfg = Debug|Any CPU
		{F3092D36-8932-4CDB-A0BB-707A7F856272}.Debug|ARM.Build.0 = Debug|Any CPU
		{F3092D36-8932-4CDB-A0BB-707A7F856272}.Debug|ARM.Deploy.0 = Debug|Any CPU
		{F3092D36-8932-4CDB-A0BB-707A7F856272}.Debug|iPhone.ActiveCfg = Debug|Any CPU
		{F3092D36-8932-4CDB-A0BB-707A7F856272}.Debug|iPhone.Build.0 = Debug|Any CPU
		{F3092D36-8932-4CDB-A0BB-707A7F856272}.Debug|iPhone.Deploy.0 = Debug|Any CPU
		{F3092D36-8932-4CDB-A0BB-707A7F856272}.Debug|iPhoneSimulator.ActiveCfg = Debug|Any CPU
		{F3092D36-8932-4CDB-A0BB-707A7F856272}.Debug|iPhoneSimulator.Build.0 = Debug|Any CPU
		{F3092D36-8932-4CDB-A0BB-707A7F856272}.Debug|iPhoneSimulator.Deploy.0 = Debug|Any CPU
		{F3092D36-8932-4CDB-A0BB-707A7F856272}.Debug|x64.ActiveCfg = Debug|Any CPU
		{F3092D36-8932-4CDB-A0BB-707A7F856272}.Debug|x64.Build.0 = Debug|Any CPU
		{F3092D36-8932-4CDB-A0BB-707A7F856272}.Debug|x64.Deploy.0 = Debug|Any CPU
		{F3092D36-8932-4CDB-A0BB-707A7F856272}.Debug|x86.ActiveCfg = Debug|Any CPU
		{F3092D36-8932-4CDB-A0BB-707A7F856272}.Debug|x86.Build.0 = Debug|Any CPU
		{F3092D36-8932-4CDB-A0BB-707A7F856272}.Debug|x86.Deploy.0 = Debug|Any CPU
		{F3092D36-8932-4CDB-A0BB-707A7F856272}.Release|Any CPU.ActiveCfg = Release|Any CPU
		{F3092D36-8932-4CDB-A0BB-707A7F856272}.Release|Any CPU.Build.0 = Release|Any CPU
		{F3092D36-8932-4CDB-A0BB-707A7F856272}.Release|Any CPU.Deploy.0 = Release|Any CPU
		{F3092D36-8932-4CDB-A0BB-707A7F856272}.Release|ARM.ActiveCfg = Release|Any CPU
		{F3092D36-8932-4CDB-A0BB-707A7F856272}.Release|ARM.Build.0 = Release|Any CPU
		{F3092D36-8932-4CDB-A0BB-707A7F856272}.Release|ARM.Deploy.0 = Release|Any CPU
		{F3092D36-8932-4CDB-A0BB-707A7F856272}.Release|iPhone.ActiveCfg = Release|Any CPU
		{F3092D36-8932-4CDB-A0BB-707A7F856272}.Release|iPhone.Build.0 = Release|Any CPU
		{F3092D36-8932-4CDB-A0BB-707A7F856272}.Release|iPhone.Deploy.0 = Release|Any CPU
		{F3092D36-8932-4CDB-A0BB-707A7F856272}.Release|iPhoneSimulator.ActiveCfg = Release|Any CPU
		{F3092D36-8932-4CDB-A0BB-707A7F856272}.Release|iPhoneSimulator.Build.0 = Release|Any CPU
		{F3092D36-8932-4CDB-A0BB-707A7F856272}.Release|iPhoneSimulator.Deploy.0 = Release|Any CPU
		{F3092D36-8932-4CDB-A0BB-707A7F856272}.Release|x64.ActiveCfg = Release|Any CPU
		{F3092D36-8932-4CDB-A0BB-707A7F856272}.Release|x64.Build.0 = Release|Any CPU
		{F3092D36-8932-4CDB-A0BB-707A7F856272}.Release|x64.Deploy.0 = Release|Any CPU
		{F3092D36-8932-4CDB-A0BB-707A7F856272}.Release|x86.ActiveCfg = Release|Any CPU
		{F3092D36-8932-4CDB-A0BB-707A7F856272}.Release|x86.Build.0 = Release|Any CPU
		{F3092D36-8932-4CDB-A0BB-707A7F856272}.Release|x86.Deploy.0 = Release|Any CPU
		{3BD3B351-6F4A-49A4-8333-C3F437A623DE}.Ad-Hoc|Any CPU.ActiveCfg = Ad-Hoc|iPhone
		{3BD3B351-6F4A-49A4-8333-C3F437A623DE}.Ad-Hoc|ARM.ActiveCfg = Ad-Hoc|iPhone
		{3BD3B351-6F4A-49A4-8333-C3F437A623DE}.Ad-Hoc|iPhone.ActiveCfg = Ad-Hoc|iPhone
		{3BD3B351-6F4A-49A4-8333-C3F437A623DE}.Ad-Hoc|iPhone.Build.0 = Ad-Hoc|iPhone
		{3BD3B351-6F4A-49A4-8333-C3F437A623DE}.Ad-Hoc|iPhoneSimulator.ActiveCfg = Ad-Hoc|iPhoneSimulator
		{3BD3B351-6F4A-49A4-8333-C3F437A623DE}.Ad-Hoc|iPhoneSimulator.Build.0 = Ad-Hoc|iPhoneSimulator
		{3BD3B351-6F4A-49A4-8333-C3F437A623DE}.Ad-Hoc|x64.ActiveCfg = Ad-Hoc|iPhone
		{3BD3B351-6F4A-49A4-8333-C3F437A623DE}.Ad-Hoc|x86.ActiveCfg = Ad-Hoc|iPhone
		{3BD3B351-6F4A-49A4-8333-C3F437A623DE}.AppStore|Any CPU.ActiveCfg = AppStore|iPhone
		{3BD3B351-6F4A-49A4-8333-C3F437A623DE}.AppStore|ARM.ActiveCfg = AppStore|iPhone
		{3BD3B351-6F4A-49A4-8333-C3F437A623DE}.AppStore|iPhone.ActiveCfg = AppStore|iPhone
		{3BD3B351-6F4A-49A4-8333-C3F437A623DE}.AppStore|iPhone.Build.0 = AppStore|iPhone
		{3BD3B351-6F4A-49A4-8333-C3F437A623DE}.AppStore|iPhoneSimulator.ActiveCfg = AppStore|iPhoneSimulator
		{3BD3B351-6F4A-49A4-8333-C3F437A623DE}.AppStore|iPhoneSimulator.Build.0 = AppStore|iPhoneSimulator
		{3BD3B351-6F4A-49A4-8333-C3F437A623DE}.AppStore|x64.ActiveCfg = AppStore|iPhone
		{3BD3B351-6F4A-49A4-8333-C3F437A623DE}.AppStore|x86.ActiveCfg = AppStore|iPhone
		{3BD3B351-6F4A-49A4-8333-C3F437A623DE}.Debug|Any CPU.ActiveCfg = Debug|iPhone
		{3BD3B351-6F4A-49A4-8333-C3F437A623DE}.Debug|ARM.ActiveCfg = Debug|iPhone
		{3BD3B351-6F4A-49A4-8333-C3F437A623DE}.Debug|iPhone.ActiveCfg = Debug|iPhone
		{3BD3B351-6F4A-49A4-8333-C3F437A623DE}.Debug|iPhone.Build.0 = Debug|iPhone
		{3BD3B351-6F4A-49A4-8333-C3F437A623DE}.Debug|iPhoneSimulator.ActiveCfg = Debug|iPhoneSimulator
		{3BD3B351-6F4A-49A4-8333-C3F437A623DE}.Debug|iPhoneSimulator.Build.0 = Debug|iPhoneSimulator
		{3BD3B351-6F4A-49A4-8333-C3F437A623DE}.Debug|x64.ActiveCfg = Debug|iPhone
		{3BD3B351-6F4A-49A4-8333-C3F437A623DE}.Debug|x86.ActiveCfg = Debug|iPhone
		{3BD3B351-6F4A-49A4-8333-C3F437A623DE}.Release|Any CPU.ActiveCfg = Release|iPhone
		{3BD3B351-6F4A-49A4-8333-C3F437A623DE}.Release|ARM.ActiveCfg = Release|iPhone
		{3BD3B351-6F4A-49A4-8333-C3F437A623DE}.Release|iPhone.ActiveCfg = Release|iPhone
		{3BD3B351-6F4A-49A4-8333-C3F437A623DE}.Release|iPhone.Build.0 = Release|iPhone
		{3BD3B351-6F4A-49A4-8333-C3F437A623DE}.Release|iPhoneSimulator.ActiveCfg = Release|iPhoneSimulator
		{3BD3B351-6F4A-49A4-8333-C3F437A623DE}.Release|iPhoneSimulator.Build.0 = Release|iPhoneSimulator
		{3BD3B351-6F4A-49A4-8333-C3F437A623DE}.Release|x64.ActiveCfg = Release|iPhone
		{3BD3B351-6F4A-49A4-8333-C3F437A623DE}.Release|x86.ActiveCfg = Release|iPhone
		{0ED076E5-2F49-4619-BD87-DC40212AE021}.Ad-Hoc|Any CPU.ActiveCfg = Release|x86
		{0ED076E5-2F49-4619-BD87-DC40212AE021}.Ad-Hoc|Any CPU.Build.0 = Release|x86
		{0ED076E5-2F49-4619-BD87-DC40212AE021}.Ad-Hoc|Any CPU.Deploy.0 = Release|x86
		{0ED076E5-2F49-4619-BD87-DC40212AE021}.Ad-Hoc|ARM.ActiveCfg = Release|ARM
		{0ED076E5-2F49-4619-BD87-DC40212AE021}.Ad-Hoc|ARM.Build.0 = Release|ARM
		{0ED076E5-2F49-4619-BD87-DC40212AE021}.Ad-Hoc|ARM.Deploy.0 = Release|ARM
		{0ED076E5-2F49-4619-BD87-DC40212AE021}.Ad-Hoc|iPhone.ActiveCfg = Release|x86
		{0ED076E5-2F49-4619-BD87-DC40212AE021}.Ad-Hoc|iPhone.Build.0 = Release|x86
		{0ED076E5-2F49-4619-BD87-DC40212AE021}.Ad-Hoc|iPhone.Deploy.0 = Release|x86
		{0ED076E5-2F49-4619-BD87-DC40212AE021}.Ad-Hoc|iPhoneSimulator.ActiveCfg = Release|x86
		{0ED076E5-2F49-4619-BD87-DC40212AE021}.Ad-Hoc|iPhoneSimulator.Build.0 = Release|x86
		{0ED076E5-2F49-4619-BD87-DC40212AE021}.Ad-Hoc|iPhoneSimulator.Deploy.0 = Release|x86
		{0ED076E5-2F49-4619-BD87-DC40212AE021}.Ad-Hoc|x64.ActiveCfg = Release|x64
		{0ED076E5-2F49-4619-BD87-DC40212AE021}.Ad-Hoc|x64.Build.0 = Release|x64
		{0ED076E5-2F49-4619-BD87-DC40212AE021}.Ad-Hoc|x64.Deploy.0 = Release|x64
		{0ED076E5-2F49-4619-BD87-DC40212AE021}.Ad-Hoc|x86.ActiveCfg = Release|x86
		{0ED076E5-2F49-4619-BD87-DC40212AE021}.Ad-Hoc|x86.Build.0 = Release|x86
		{0ED076E5-2F49-4619-BD87-DC40212AE021}.Ad-Hoc|x86.Deploy.0 = Release|x86
		{0ED076E5-2F49-4619-BD87-DC40212AE021}.AppStore|Any CPU.ActiveCfg = Release|x86
		{0ED076E5-2F49-4619-BD87-DC40212AE021}.AppStore|Any CPU.Build.0 = Release|x86
		{0ED076E5-2F49-4619-BD87-DC40212AE021}.AppStore|Any CPU.Deploy.0 = Release|x86
		{0ED076E5-2F49-4619-BD87-DC40212AE021}.AppStore|ARM.ActiveCfg = Release|ARM
		{0ED076E5-2F49-4619-BD87-DC40212AE021}.AppStore|ARM.Build.0 = Release|ARM
		{0ED076E5-2F49-4619-BD87-DC40212AE021}.AppStore|ARM.Deploy.0 = Release|ARM
		{0ED076E5-2F49-4619-BD87-DC40212AE021}.AppStore|iPhone.ActiveCfg = Release|x86
		{0ED076E5-2F49-4619-BD87-DC40212AE021}.AppStore|iPhone.Build.0 = Release|x86
		{0ED076E5-2F49-4619-BD87-DC40212AE021}.AppStore|iPhone.Deploy.0 = Release|x86
		{0ED076E5-2F49-4619-BD87-DC40212AE021}.AppStore|iPhoneSimulator.ActiveCfg = Release|x86
		{0ED076E5-2F49-4619-BD87-DC40212AE021}.AppStore|iPhoneSimulator.Build.0 = Release|x86
		{0ED076E5-2F49-4619-BD87-DC40212AE021}.AppStore|iPhoneSimulator.Deploy.0 = Release|x86
		{0ED076E5-2F49-4619-BD87-DC40212AE021}.AppStore|x64.ActiveCfg = Release|x64
		{0ED076E5-2F49-4619-BD87-DC40212AE021}.AppStore|x64.Build.0 = Release|x64
		{0ED076E5-2F49-4619-BD87-DC40212AE021}.AppStore|x64.Deploy.0 = Release|x64
		{0ED076E5-2F49-4619-BD87-DC40212AE021}.AppStore|x86.ActiveCfg = Release|x86
		{0ED076E5-2F49-4619-BD87-DC40212AE021}.AppStore|x86.Build.0 = Release|x86
		{0ED076E5-2F49-4619-BD87-DC40212AE021}.AppStore|x86.Deploy.0 = Release|x86
		{0ED076E5-2F49-4619-BD87-DC40212AE021}.Debug|Any CPU.ActiveCfg = Debug|x86
		{0ED076E5-2F49-4619-BD87-DC40212AE021}.Debug|ARM.ActiveCfg = Debug|ARM
		{0ED076E5-2F49-4619-BD87-DC40212AE021}.Debug|ARM.Build.0 = Debug|ARM
		{0ED076E5-2F49-4619-BD87-DC40212AE021}.Debug|ARM.Deploy.0 = Debug|ARM
		{0ED076E5-2F49-4619-BD87-DC40212AE021}.Debug|iPhone.ActiveCfg = Debug|x86
		{0ED076E5-2F49-4619-BD87-DC40212AE021}.Debug|iPhoneSimulator.ActiveCfg = Debug|x86
		{0ED076E5-2F49-4619-BD87-DC40212AE021}.Debug|x64.ActiveCfg = Debug|x64
		{0ED076E5-2F49-4619-BD87-DC40212AE021}.Debug|x64.Build.0 = Debug|x64
		{0ED076E5-2F49-4619-BD87-DC40212AE021}.Debug|x64.Deploy.0 = Debug|x64
		{0ED076E5-2F49-4619-BD87-DC40212AE021}.Debug|x86.ActiveCfg = Debug|x86
		{0ED076E5-2F49-4619-BD87-DC40212AE021}.Debug|x86.Build.0 = Debug|x86
		{0ED076E5-2F49-4619-BD87-DC40212AE021}.Debug|x86.Deploy.0 = Debug|x86
		{0ED076E5-2F49-4619-BD87-DC40212AE021}.Release|Any CPU.ActiveCfg = Release|x86
		{0ED076E5-2F49-4619-BD87-DC40212AE021}.Release|ARM.ActiveCfg = Release|ARM
		{0ED076E5-2F49-4619-BD87-DC40212AE021}.Release|ARM.Build.0 = Release|ARM
		{0ED076E5-2F49-4619-BD87-DC40212AE021}.Release|ARM.Deploy.0 = Release|ARM
		{0ED076E5-2F49-4619-BD87-DC40212AE021}.Release|iPhone.ActiveCfg = Release|x86
		{0ED076E5-2F49-4619-BD87-DC40212AE021}.Release|iPhoneSimulator.ActiveCfg = Release|x86
		{0ED076E5-2F49-4619-BD87-DC40212AE021}.Release|x64.ActiveCfg = Release|x64
		{0ED076E5-2F49-4619-BD87-DC40212AE021}.Release|x64.Build.0 = Release|x64
		{0ED076E5-2F49-4619-BD87-DC40212AE021}.Release|x64.Deploy.0 = Release|x64
		{0ED076E5-2F49-4619-BD87-DC40212AE021}.Release|x86.ActiveCfg = Release|x86
		{0ED076E5-2F49-4619-BD87-DC40212AE021}.Release|x86.Build.0 = Release|x86
		{0ED076E5-2F49-4619-BD87-DC40212AE021}.Release|x86.Deploy.0 = Release|x86
		{51C7AD3C-BFC3-4269-BD0B-A471A52E96EF}.Ad-Hoc|Any CPU.ActiveCfg = Debug|Any CPU
		{51C7AD3C-BFC3-4269-BD0B-A471A52E96EF}.Ad-Hoc|Any CPU.Build.0 = Debug|Any CPU
		{51C7AD3C-BFC3-4269-BD0B-A471A52E96EF}.Ad-Hoc|ARM.ActiveCfg = Debug|Any CPU
		{51C7AD3C-BFC3-4269-BD0B-A471A52E96EF}.Ad-Hoc|ARM.Build.0 = Debug|Any CPU
		{51C7AD3C-BFC3-4269-BD0B-A471A52E96EF}.Ad-Hoc|iPhone.ActiveCfg = Debug|Any CPU
		{51C7AD3C-BFC3-4269-BD0B-A471A52E96EF}.Ad-Hoc|iPhone.Build.0 = Debug|Any CPU
		{51C7AD3C-BFC3-4269-BD0B-A471A52E96EF}.Ad-Hoc|iPhoneSimulator.ActiveCfg = Debug|Any CPU
		{51C7AD3C-BFC3-4269-BD0B-A471A52E96EF}.Ad-Hoc|iPhoneSimulator.Build.0 = Debug|Any CPU
		{51C7AD3C-BFC3-4269-BD0B-A471A52E96EF}.Ad-Hoc|x64.ActiveCfg = Debug|Any CPU
		{51C7AD3C-BFC3-4269-BD0B-A471A52E96EF}.Ad-Hoc|x64.Build.0 = Debug|Any CPU
		{51C7AD3C-BFC3-4269-BD0B-A471A52E96EF}.Ad-Hoc|x86.ActiveCfg = Debug|Any CPU
		{51C7AD3C-BFC3-4269-BD0B-A471A52E96EF}.Ad-Hoc|x86.Build.0 = Debug|Any CPU
		{51C7AD3C-BFC3-4269-BD0B-A471A52E96EF}.AppStore|Any CPU.ActiveCfg = Debug|Any CPU
		{51C7AD3C-BFC3-4269-BD0B-A471A52E96EF}.AppStore|Any CPU.Build.0 = Debug|Any CPU
		{51C7AD3C-BFC3-4269-BD0B-A471A52E96EF}.AppStore|ARM.ActiveCfg = Debug|Any CPU
		{51C7AD3C-BFC3-4269-BD0B-A471A52E96EF}.AppStore|ARM.Build.0 = Debug|Any CPU
		{51C7AD3C-BFC3-4269-BD0B-A471A52E96EF}.AppStore|iPhone.ActiveCfg = Debug|Any CPU
		{51C7AD3C-BFC3-4269-BD0B-A471A52E96EF}.AppStore|iPhone.Build.0 = Debug|Any CPU
		{51C7AD3C-BFC3-4269-BD0B-A471A52E96EF}.AppStore|iPhoneSimulator.ActiveCfg = Debug|Any CPU
		{51C7AD3C-BFC3-4269-BD0B-A471A52E96EF}.AppStore|iPhoneSimulator.Build.0 = Debug|Any CPU
		{51C7AD3C-BFC3-4269-BD0B-A471A52E96EF}.AppStore|x64.ActiveCfg = Debug|Any CPU
		{51C7AD3C-BFC3-4269-BD0B-A471A52E96EF}.AppStore|x64.Build.0 = Debug|Any CPU
		{51C7AD3C-BFC3-4269-BD0B-A471A52E96EF}.AppStore|x86.ActiveCfg = Debug|Any CPU
		{51C7AD3C-BFC3-4269-BD0B-A471A52E96EF}.AppStore|x86.Build.0 = Debug|Any CPU
		{51C7AD3C-BFC3-4269-BD0B-A471A52E96EF}.Debug|Any CPU.ActiveCfg = Debug|Any CPU
		{51C7AD3C-BFC3-4269-BD0B-A471A52E96EF}.Debug|Any CPU.Build.0 = Debug|Any CPU
		{51C7AD3C-BFC3-4269-BD0B-A471A52E96EF}.Debug|ARM.ActiveCfg = Debug|Any CPU
		{51C7AD3C-BFC3-4269-BD0B-A471A52E96EF}.Debug|ARM.Build.0 = Debug|Any CPU
		{51C7AD3C-BFC3-4269-BD0B-A471A52E96EF}.Debug|iPhone.ActiveCfg = Debug|Any CPU
		{51C7AD3C-BFC3-4269-BD0B-A471A52E96EF}.Debug|iPhone.Build.0 = Debug|Any CPU
		{51C7AD3C-BFC3-4269-BD0B-A471A52E96EF}.Debug|iPhoneSimulator.ActiveCfg = Debug|Any CPU
		{51C7AD3C-BFC3-4269-BD0B-A471A52E96EF}.Debug|iPhoneSimulator.Build.0 = Debug|Any CPU
		{51C7AD3C-BFC3-4269-BD0B-A471A52E96EF}.Debug|x64.ActiveCfg = Debug|Any CPU
		{51C7AD3C-BFC3-4269-BD0B-A471A52E96EF}.Debug|x64.Build.0 = Debug|Any CPU
		{51C7AD3C-BFC3-4269-BD0B-A471A52E96EF}.Debug|x86.ActiveCfg = Debug|Any CPU
		{51C7AD3C-BFC3-4269-BD0B-A471A52E96EF}.Debug|x86.Build.0 = Debug|Any CPU
		{51C7AD3C-BFC3-4269-BD0B-A471A52E96EF}.Release|Any CPU.ActiveCfg = Release|Any CPU
		{51C7AD3C-BFC3-4269-BD0B-A471A52E96EF}.Release|Any CPU.Build.0 = Release|Any CPU
		{51C7AD3C-BFC3-4269-BD0B-A471A52E96EF}.Release|ARM.ActiveCfg = Release|Any CPU
		{51C7AD3C-BFC3-4269-BD0B-A471A52E96EF}.Release|ARM.Build.0 = Release|Any CPU
		{51C7AD3C-BFC3-4269-BD0B-A471A52E96EF}.Release|iPhone.ActiveCfg = Release|Any CPU
		{51C7AD3C-BFC3-4269-BD0B-A471A52E96EF}.Release|iPhone.Build.0 = Release|Any CPU
		{51C7AD3C-BFC3-4269-BD0B-A471A52E96EF}.Release|iPhoneSimulator.ActiveCfg = Release|Any CPU
		{51C7AD3C-BFC3-4269-BD0B-A471A52E96EF}.Release|iPhoneSimulator.Build.0 = Release|Any CPU
		{51C7AD3C-BFC3-4269-BD0B-A471A52E96EF}.Release|x64.ActiveCfg = Release|Any CPU
		{51C7AD3C-BFC3-4269-BD0B-A471A52E96EF}.Release|x64.Build.0 = Release|Any CPU
		{51C7AD3C-BFC3-4269-BD0B-A471A52E96EF}.Release|x86.ActiveCfg = Release|Any CPU
		{51C7AD3C-BFC3-4269-BD0B-A471A52E96EF}.Release|x86.Build.0 = Release|Any CPU
		{0659A3B8-0155-4C5F-B5DD-234C37C9BF1F}.Ad-Hoc|Any CPU.ActiveCfg = Release|Any CPU
		{0659A3B8-0155-4C5F-B5DD-234C37C9BF1F}.Ad-Hoc|Any CPU.Build.0 = Release|Any CPU
		{0659A3B8-0155-4C5F-B5DD-234C37C9BF1F}.Ad-Hoc|ARM.ActiveCfg = Release|Any CPU
		{0659A3B8-0155-4C5F-B5DD-234C37C9BF1F}.Ad-Hoc|ARM.Build.0 = Release|Any CPU
		{0659A3B8-0155-4C5F-B5DD-234C37C9BF1F}.Ad-Hoc|iPhone.ActiveCfg = Release|Any CPU
		{0659A3B8-0155-4C5F-B5DD-234C37C9BF1F}.Ad-Hoc|iPhone.Build.0 = Release|Any CPU
		{0659A3B8-0155-4C5F-B5DD-234C37C9BF1F}.Ad-Hoc|iPhoneSimulator.ActiveCfg = Release|Any CPU
		{0659A3B8-0155-4C5F-B5DD-234C37C9BF1F}.Ad-Hoc|iPhoneSimulator.Build.0 = Release|Any CPU
		{0659A3B8-0155-4C5F-B5DD-234C37C9BF1F}.Ad-Hoc|x64.ActiveCfg = Release|Any CPU
		{0659A3B8-0155-4C5F-B5DD-234C37C9BF1F}.Ad-Hoc|x64.Build.0 = Release|Any CPU
		{0659A3B8-0155-4C5F-B5DD-234C37C9BF1F}.Ad-Hoc|x86.ActiveCfg = Release|Any CPU
		{0659A3B8-0155-4C5F-B5DD-234C37C9BF1F}.Ad-Hoc|x86.Build.0 = Release|Any CPU
		{0659A3B8-0155-4C5F-B5DD-234C37C9BF1F}.AppStore|Any CPU.ActiveCfg = Release|Any CPU
		{0659A3B8-0155-4C5F-B5DD-234C37C9BF1F}.AppStore|Any CPU.Build.0 = Release|Any CPU
		{0659A3B8-0155-4C5F-B5DD-234C37C9BF1F}.AppStore|ARM.ActiveCfg = Release|Any CPU
		{0659A3B8-0155-4C5F-B5DD-234C37C9BF1F}.AppStore|ARM.Build.0 = Release|Any CPU
		{0659A3B8-0155-4C5F-B5DD-234C37C9BF1F}.AppStore|iPhone.ActiveCfg = Release|Any CPU
		{0659A3B8-0155-4C5F-B5DD-234C37C9BF1F}.AppStore|iPhone.Build.0 = Release|Any CPU
		{0659A3B8-0155-4C5F-B5DD-234C37C9BF1F}.AppStore|iPhoneSimulator.ActiveCfg = Release|Any CPU
		{0659A3B8-0155-4C5F-B5DD-234C37C9BF1F}.AppStore|iPhoneSimulator.Build.0 = Release|Any CPU
		{0659A3B8-0155-4C5F-B5DD-234C37C9BF1F}.AppStore|x64.ActiveCfg = Release|Any CPU
		{0659A3B8-0155-4C5F-B5DD-234C37C9BF1F}.AppStore|x64.Build.0 = Release|Any CPU
		{0659A3B8-0155-4C5F-B5DD-234C37C9BF1F}.AppStore|x86.ActiveCfg = Release|Any CPU
		{0659A3B8-0155-4C5F-B5DD-234C37C9BF1F}.AppStore|x86.Build.0 = Release|Any CPU
		{0659A3B8-0155-4C5F-B5DD-234C37C9BF1F}.Debug|Any CPU.ActiveCfg = Debug|Any CPU
		{0659A3B8-0155-4C5F-B5DD-234C37C9BF1F}.Debug|Any CPU.Build.0 = Debug|Any CPU
		{0659A3B8-0155-4C5F-B5DD-234C37C9BF1F}.Debug|ARM.ActiveCfg = Debug|Any CPU
		{0659A3B8-0155-4C5F-B5DD-234C37C9BF1F}.Debug|ARM.Build.0 = Debug|Any CPU
		{0659A3B8-0155-4C5F-B5DD-234C37C9BF1F}.Debug|iPhone.ActiveCfg = Debug|Any CPU
		{0659A3B8-0155-4C5F-B5DD-234C37C9BF1F}.Debug|iPhone.Build.0 = Debug|Any CPU
		{0659A3B8-0155-4C5F-B5DD-234C37C9BF1F}.Debug|iPhoneSimulator.ActiveCfg = Debug|Any CPU
		{0659A3B8-0155-4C5F-B5DD-234C37C9BF1F}.Debug|iPhoneSimulator.Build.0 = Debug|Any CPU
		{0659A3B8-0155-4C5F-B5DD-234C37C9BF1F}.Debug|x64.ActiveCfg = Debug|Any CPU
		{0659A3B8-0155-4C5F-B5DD-234C37C9BF1F}.Debug|x64.Build.0 = Debug|Any CPU
		{0659A3B8-0155-4C5F-B5DD-234C37C9BF1F}.Debug|x86.ActiveCfg = Debug|Any CPU
		{0659A3B8-0155-4C5F-B5DD-234C37C9BF1F}.Debug|x86.Build.0 = Debug|Any CPU
		{0659A3B8-0155-4C5F-B5DD-234C37C9BF1F}.Release|Any CPU.ActiveCfg = Release|Any CPU
		{0659A3B8-0155-4C5F-B5DD-234C37C9BF1F}.Release|Any CPU.Build.0 = Release|Any CPU
		{0659A3B8-0155-4C5F-B5DD-234C37C9BF1F}.Release|ARM.ActiveCfg = Release|Any CPU
		{0659A3B8-0155-4C5F-B5DD-234C37C9BF1F}.Release|ARM.Build.0 = Release|Any CPU
		{0659A3B8-0155-4C5F-B5DD-234C37C9BF1F}.Release|iPhone.ActiveCfg = Release|Any CPU
		{0659A3B8-0155-4C5F-B5DD-234C37C9BF1F}.Release|iPhone.Build.0 = Release|Any CPU
		{0659A3B8-0155-4C5F-B5DD-234C37C9BF1F}.Release|iPhoneSimulator.ActiveCfg = Release|Any CPU
		{0659A3B8-0155-4C5F-B5DD-234C37C9BF1F}.Release|iPhoneSimulator.Build.0 = Release|Any CPU
		{0659A3B8-0155-4C5F-B5DD-234C37C9BF1F}.Release|x64.ActiveCfg = Release|Any CPU
		{0659A3B8-0155-4C5F-B5DD-234C37C9BF1F}.Release|x64.Build.0 = Release|Any CPU
		{0659A3B8-0155-4C5F-B5DD-234C37C9BF1F}.Release|x86.ActiveCfg = Release|Any CPU
		{0659A3B8-0155-4C5F-B5DD-234C37C9BF1F}.Release|x86.Build.0 = Release|Any CPU
		{20DF1781-5A3D-4D64-9AD7-ADDFF4971DCE}.Ad-Hoc|Any CPU.ActiveCfg = Debug|Any CPU
		{20DF1781-5A3D-4D64-9AD7-ADDFF4971DCE}.Ad-Hoc|Any CPU.Build.0 = Debug|Any CPU
		{20DF1781-5A3D-4D64-9AD7-ADDFF4971DCE}.Ad-Hoc|ARM.ActiveCfg = Debug|Any CPU
		{20DF1781-5A3D-4D64-9AD7-ADDFF4971DCE}.Ad-Hoc|ARM.Build.0 = Debug|Any CPU
		{20DF1781-5A3D-4D64-9AD7-ADDFF4971DCE}.Ad-Hoc|iPhone.ActiveCfg = Debug|Any CPU
		{20DF1781-5A3D-4D64-9AD7-ADDFF4971DCE}.Ad-Hoc|iPhone.Build.0 = Debug|Any CPU
		{20DF1781-5A3D-4D64-9AD7-ADDFF4971DCE}.Ad-Hoc|iPhoneSimulator.ActiveCfg = Debug|Any CPU
		{20DF1781-5A3D-4D64-9AD7-ADDFF4971DCE}.Ad-Hoc|iPhoneSimulator.Build.0 = Debug|Any CPU
		{20DF1781-5A3D-4D64-9AD7-ADDFF4971DCE}.Ad-Hoc|x64.ActiveCfg = Debug|Any CPU
		{20DF1781-5A3D-4D64-9AD7-ADDFF4971DCE}.Ad-Hoc|x64.Build.0 = Debug|Any CPU
		{20DF1781-5A3D-4D64-9AD7-ADDFF4971DCE}.Ad-Hoc|x86.ActiveCfg = Debug|Any CPU
		{20DF1781-5A3D-4D64-9AD7-ADDFF4971DCE}.Ad-Hoc|x86.Build.0 = Debug|Any CPU
		{20DF1781-5A3D-4D64-9AD7-ADDFF4971DCE}.AppStore|Any CPU.ActiveCfg = Debug|Any CPU
		{20DF1781-5A3D-4D64-9AD7-ADDFF4971DCE}.AppStore|Any CPU.Build.0 = Debug|Any CPU
		{20DF1781-5A3D-4D64-9AD7-ADDFF4971DCE}.AppStore|ARM.ActiveCfg = Debug|Any CPU
		{20DF1781-5A3D-4D64-9AD7-ADDFF4971DCE}.AppStore|ARM.Build.0 = Debug|Any CPU
		{20DF1781-5A3D-4D64-9AD7-ADDFF4971DCE}.AppStore|iPhone.ActiveCfg = Debug|Any CPU
		{20DF1781-5A3D-4D64-9AD7-ADDFF4971DCE}.AppStore|iPhone.Build.0 = Debug|Any CPU
		{20DF1781-5A3D-4D64-9AD7-ADDFF4971DCE}.AppStore|iPhoneSimulator.ActiveCfg = Debug|Any CPU
		{20DF1781-5A3D-4D64-9AD7-ADDFF4971DCE}.AppStore|iPhoneSimulator.Build.0 = Debug|Any CPU
		{20DF1781-5A3D-4D64-9AD7-ADDFF4971DCE}.AppStore|x64.ActiveCfg = Debug|Any CPU
		{20DF1781-5A3D-4D64-9AD7-ADDFF4971DCE}.AppStore|x64.Build.0 = Debug|Any CPU
		{20DF1781-5A3D-4D64-9AD7-ADDFF4971DCE}.AppStore|x86.ActiveCfg = Debug|Any CPU
		{20DF1781-5A3D-4D64-9AD7-ADDFF4971DCE}.AppStore|x86.Build.0 = Debug|Any CPU
		{20DF1781-5A3D-4D64-9AD7-ADDFF4971DCE}.Debug|Any CPU.ActiveCfg = Debug|Any CPU
		{20DF1781-5A3D-4D64-9AD7-ADDFF4971DCE}.Debug|Any CPU.Build.0 = Debug|Any CPU
		{20DF1781-5A3D-4D64-9AD7-ADDFF4971DCE}.Debug|ARM.ActiveCfg = Debug|Any CPU
		{20DF1781-5A3D-4D64-9AD7-ADDFF4971DCE}.Debug|ARM.Build.0 = Debug|Any CPU
		{20DF1781-5A3D-4D64-9AD7-ADDFF4971DCE}.Debug|iPhone.ActiveCfg = Debug|Any CPU
		{20DF1781-5A3D-4D64-9AD7-ADDFF4971DCE}.Debug|iPhone.Build.0 = Debug|Any CPU
		{20DF1781-5A3D-4D64-9AD7-ADDFF4971DCE}.Debug|iPhoneSimulator.ActiveCfg = Debug|Any CPU
		{20DF1781-5A3D-4D64-9AD7-ADDFF4971DCE}.Debug|iPhoneSimulator.Build.0 = Debug|Any CPU
		{20DF1781-5A3D-4D64-9AD7-ADDFF4971DCE}.Debug|x64.ActiveCfg = Debug|Any CPU
		{20DF1781-5A3D-4D64-9AD7-ADDFF4971DCE}.Debug|x64.Build.0 = Debug|Any CPU
		{20DF1781-5A3D-4D64-9AD7-ADDFF4971DCE}.Debug|x86.ActiveCfg = Debug|Any CPU
		{20DF1781-5A3D-4D64-9AD7-ADDFF4971DCE}.Debug|x86.Build.0 = Debug|Any CPU
		{20DF1781-5A3D-4D64-9AD7-ADDFF4971DCE}.Release|Any CPU.ActiveCfg = Release|Any CPU
		{20DF1781-5A3D-4D64-9AD7-ADDFF4971DCE}.Release|Any CPU.Build.0 = Release|Any CPU
		{20DF1781-5A3D-4D64-9AD7-ADDFF4971DCE}.Release|ARM.ActiveCfg = Release|Any CPU
		{20DF1781-5A3D-4D64-9AD7-ADDFF4971DCE}.Release|ARM.Build.0 = Release|Any CPU
		{20DF1781-5A3D-4D64-9AD7-ADDFF4971DCE}.Release|iPhone.ActiveCfg = Release|Any CPU
		{20DF1781-5A3D-4D64-9AD7-ADDFF4971DCE}.Release|iPhone.Build.0 = Release|Any CPU
		{20DF1781-5A3D-4D64-9AD7-ADDFF4971DCE}.Release|iPhoneSimulator.ActiveCfg = Release|Any CPU
		{20DF1781-5A3D-4D64-9AD7-ADDFF4971DCE}.Release|iPhoneSimulator.Build.0 = Release|Any CPU
		{20DF1781-5A3D-4D64-9AD7-ADDFF4971DCE}.Release|x64.ActiveCfg = Release|Any CPU
		{20DF1781-5A3D-4D64-9AD7-ADDFF4971DCE}.Release|x64.Build.0 = Release|Any CPU
		{20DF1781-5A3D-4D64-9AD7-ADDFF4971DCE}.Release|x86.ActiveCfg = Release|Any CPU
		{20DF1781-5A3D-4D64-9AD7-ADDFF4971DCE}.Release|x86.Build.0 = Release|Any CPU
	EndGlobalSection
	GlobalSection(SolutionProperties) = preSolution
		HideSolutionNode = FALSE
	EndGlobalSection
	GlobalSection(NestedProjects) = preSolution
		{084CC50F-AF35-4A63-AF0D-2019C0C74641} = {638C7C5F-299D-4DB7-8B01-520039CF13F3}
		{F3092D36-8932-4CDB-A0BB-707A7F856272} = {F734FF1D-D4BB-4978-823A-66BE2C32A420}
		{3BD3B351-6F4A-49A4-8333-C3F437A623DE} = {F734FF1D-D4BB-4978-823A-66BE2C32A420}
		{0ED076E5-2F49-4619-BD87-DC40212AE021} = {F734FF1D-D4BB-4978-823A-66BE2C32A420}
		{51C7AD3C-BFC3-4269-BD0B-A471A52E96EF} = {F734FF1D-D4BB-4978-823A-66BE2C32A420}
		{0659A3B8-0155-4C5F-B5DD-234C37C9BF1F} = {19A363CC-C199-487F-8124-92F50799C47D}
	EndGlobalSection
	GlobalSection(ExtensibilityGlobals) = postSolution
		SolutionGuid = {6AE383A0-F95D-4DF4-B91B-41B3FC3A01BC}
	EndGlobalSection
EndGlobal
