
Microsoft Visual Studio Solution File, Format Version 12.00
# Visual Studio 2013
VisualStudioVersion = 12.0.30723.0
MinimumVisualStudioVersion = 10.0.40219.1
Project("{FAE04EC0-301F-11D3-BF4B-00C04F79EFBC}") = "RoslynConsoleApplication", "RoslynConsoleApplication\RoslynConsoleApplication.csproj", "{7EEB96F8-2341-4CD0-A248-99877B358C30}"
EndProject
Project("{FAE04EC0-301F-11D3-BF4B-00C04F79EFBC}") = "CodeRefactoring1", "CodeRefactoring1\CodeRefactoring1.csproj", "{745F91FB-0DE7-457A-AACC-DC7864C36CEA}"
EndProject
Project("{FAE04EC0-301F-11D3-BF4B-00C04F79EFBC}") = "DiagnosticAndCodeFix", "Diagnostic1\DiagnosticAndCodeFix\DiagnosticAndCodeFix.csproj", "{38730538-F7B8-4352-8358-BE3ED0CAC4BB}"
EndProject
Project("{2150E333-8FDC-42A3-9474-1A3956D46DE8}") = ".nuget", ".nuget", "{6E71E131-0E8F-4BD6-A5DB-634CE1E829A3}"
	ProjectSection(SolutionItems) = preProject
		.nuget\packages.config = .nuget\packages.config
	EndProjectSection
EndProject
Project("{FAE04EC0-301F-11D3-BF4B-00C04F79EFBC}") = "Diagnostic1.Test", "Diagnostic1\Diagnostic1.Test\Diagnostic1.Test.csproj", "{198ABB10-248C-4C19-AAAA-A027995BE108}"
EndProject
Project("{FAE04EC0-301F-11D3-BF4B-00C04F79EFBC}") = "SemanticsCS", "SemanticsCS\SemanticsCS.csproj", "{220D67B9-5D64-4900-93C8-359F9D8DD8AD}"
EndProject
Project("{2150E333-8FDC-42A3-9474-1A3956D46DE8}") = "Roslyn", "Roslyn", "{EB67B4A2-CE54-4EBD-AC6A-B9390363B2DD}"
EndProject
Project("{2150E333-8FDC-42A3-9474-1A3956D46DE8}") = "Rx", "Rx", "{55C99E2F-97B2-49F3-99FB-A1B512C670A1}"
EndProject
Project("{FAE04EC0-301F-11D3-BF4B-00C04F79EFBC}") = "Rx1", "Rx1\Rx1.csproj", "{2FC37A00-03E7-41F4-9377-B4E812C110D4}"
EndProject
Project("{FAE04EC0-301F-11D3-BF4B-00C04F79EFBC}") = "Rx2", "Rx2\Rx2.csproj", "{1E9FA973-C3A3-444E-B267-0DCEB6625B8B}"
EndProject
Project("{FAE04EC0-301F-11D3-BF4B-00C04F79EFBC}") = "Rx3", "Rx3\Rx3.csproj", "{4543DD15-853B-4ED6-86D5-1DC619EB3076}"
EndProject
Project("{FAE04EC0-301F-11D3-BF4B-00C04F79EFBC}") = "Rx4", "Rx4\Rx4.csproj", "{EB793C0C-4226-41E5-B3DD-D6C18DF12085}"
EndProject
Project("{2150E333-8FDC-42A3-9474-1A3956D46DE8}") = "Immutable", "Immutable", "{2B31D46A-3824-46F9-A590-829F8B548162}"
EndProject
Project("{FAE04EC0-301F-11D3-BF4B-00C04F79EFBC}") = "Im1", "Im1\Im1.csproj", "{E81959DC-6C9B-488B-92DE-FFF2C58D6F94}"
EndProject
Project("{FAE04EC0-301F-11D3-BF4B-00C04F79EFBC}") = "Im2", "Im2\Im2.csproj", "{85DF9124-2D62-45D6-A839-86E19BEB73E3}"
EndProject
Global
	GlobalSection(SolutionConfigurationPlatforms) = preSolution
		Debug|Any CPU = Debug|Any CPU
		Debug|ARM = Debug|ARM
		Debug|Mixed Platforms = Debug|Mixed Platforms
		Debug|x64 = Debug|x64
		Debug|x86 = Debug|x86
		Release|Any CPU = Release|Any CPU
		Release|ARM = Release|ARM
		Release|Mixed Platforms = Release|Mixed Platforms
		Release|x64 = Release|x64
		Release|x86 = Release|x86
	EndGlobalSection
	GlobalSection(ProjectConfigurationPlatforms) = postSolution
		{7EEB96F8-2341-4CD0-A248-99877B358C30}.Debug|Any CPU.ActiveCfg = Debug|x86
		{7EEB96F8-2341-4CD0-A248-99877B358C30}.Debug|ARM.ActiveCfg = Debug|x86
		{7EEB96F8-2341-4CD0-A248-99877B358C30}.Debug|Mixed Platforms.ActiveCfg = Debug|x86
		{7EEB96F8-2341-4CD0-A248-99877B358C30}.Debug|Mixed Platforms.Build.0 = Debug|x86
		{7EEB96F8-2341-4CD0-A248-99877B358C30}.Debug|x64.ActiveCfg = Debug|x86
		{7EEB96F8-2341-4CD0-A248-99877B358C30}.Debug|x86.ActiveCfg = Debug|x86
		{7EEB96F8-2341-4CD0-A248-99877B358C30}.Debug|x86.Build.0 = Debug|x86
		{7EEB96F8-2341-4CD0-A248-99877B358C30}.Release|Any CPU.ActiveCfg = Release|x86
		{7EEB96F8-2341-4CD0-A248-99877B358C30}.Release|ARM.ActiveCfg = Release|x86
		{7EEB96F8-2341-4CD0-A248-99877B358C30}.Release|Mixed Platforms.ActiveCfg = Release|x86
		{7EEB96F8-2341-4CD0-A248-99877B358C30}.Release|Mixed Platforms.Build.0 = Release|x86
		{7EEB96F8-2341-4CD0-A248-99877B358C30}.Release|x64.ActiveCfg = Release|x86
		{7EEB96F8-2341-4CD0-A248-99877B358C30}.Release|x86.ActiveCfg = Release|x86
		{7EEB96F8-2341-4CD0-A248-99877B358C30}.Release|x86.Build.0 = Release|x86
		{745F91FB-0DE7-457A-AACC-DC7864C36CEA}.Debug|Any CPU.ActiveCfg = Debug|Any CPU
		{745F91FB-0DE7-457A-AACC-DC7864C36CEA}.Debug|Any CPU.Build.0 = Debug|Any CPU
		{745F91FB-0DE7-457A-AACC-DC7864C36CEA}.Debug|ARM.ActiveCfg = Debug|Any CPU
		{745F91FB-0DE7-457A-AACC-DC7864C36CEA}.Debug|Mixed Platforms.ActiveCfg = Debug|Any CPU
		{745F91FB-0DE7-457A-AACC-DC7864C36CEA}.Debug|Mixed Platforms.Build.0 = Debug|Any CPU
		{745F91FB-0DE7-457A-AACC-DC7864C36CEA}.Debug|x64.ActiveCfg = Debug|Any CPU
		{745F91FB-0DE7-457A-AACC-DC7864C36CEA}.Debug|x86.ActiveCfg = Debug|Any CPU
		{745F91FB-0DE7-457A-AACC-DC7864C36CEA}.Release|Any CPU.ActiveCfg = Release|Any CPU
		{745F91FB-0DE7-457A-AACC-DC7864C36CEA}.Release|Any CPU.Build.0 = Release|Any CPU
		{745F91FB-0DE7-457A-AACC-DC7864C36CEA}.Release|ARM.ActiveCfg = Release|Any CPU
		{745F91FB-0DE7-457A-AACC-DC7864C36CEA}.Release|Mixed Platforms.ActiveCfg = Release|Any CPU
		{745F91FB-0DE7-457A-AACC-DC7864C36CEA}.Release|Mixed Platforms.Build.0 = Release|Any CPU
		{745F91FB-0DE7-457A-AACC-DC7864C36CEA}.Release|x64.ActiveCfg = Release|Any CPU
		{745F91FB-0DE7-457A-AACC-DC7864C36CEA}.Release|x86.ActiveCfg = Release|Any CPU
		{38730538-F7B8-4352-8358-BE3ED0CAC4BB}.Debug|Any CPU.ActiveCfg = Debug|Any CPU
		{38730538-F7B8-4352-8358-BE3ED0CAC4BB}.Debug|Any CPU.Build.0 = Debug|Any CPU
		{38730538-F7B8-4352-8358-BE3ED0CAC4BB}.Debug|ARM.ActiveCfg = Debug|Any CPU
		{38730538-F7B8-4352-8358-BE3ED0CAC4BB}.Debug|Mixed Platforms.ActiveCfg = Debug|Any CPU
		{38730538-F7B8-4352-8358-BE3ED0CAC4BB}.Debug|Mixed Platforms.Build.0 = Debug|Any CPU
		{38730538-F7B8-4352-8358-BE3ED0CAC4BB}.Debug|x64.ActiveCfg = Debug|Any CPU
		{38730538-F7B8-4352-8358-BE3ED0CAC4BB}.Debug|x86.ActiveCfg = Debug|Any CPU
		{38730538-F7B8-4352-8358-BE3ED0CAC4BB}.Release|Any CPU.ActiveCfg = Release|Any CPU
		{38730538-F7B8-4352-8358-BE3ED0CAC4BB}.Release|Any CPU.Build.0 = Release|Any CPU
		{38730538-F7B8-4352-8358-BE3ED0CAC4BB}.Release|ARM.ActiveCfg = Release|Any CPU
		{38730538-F7B8-4352-8358-BE3ED0CAC4BB}.Release|Mixed Platforms.ActiveCfg = Release|Any CPU
		{38730538-F7B8-4352-8358-BE3ED0CAC4BB}.Release|Mixed Platforms.Build.0 = Release|Any CPU
		{38730538-F7B8-4352-8358-BE3ED0CAC4BB}.Release|x64.ActiveCfg = Release|Any CPU
		{38730538-F7B8-4352-8358-BE3ED0CAC4BB}.Release|x86.ActiveCfg = Release|Any CPU
		{198ABB10-248C-4C19-AAAA-A027995BE108}.Debug|Any CPU.ActiveCfg = Debug|Any CPU
		{198ABB10-248C-4C19-AAAA-A027995BE108}.Debug|Any CPU.Build.0 = Debug|Any CPU
		{198ABB10-248C-4C19-AAAA-A027995BE108}.Debug|ARM.ActiveCfg = Debug|Any CPU
		{198ABB10-248C-4C19-AAAA-A027995BE108}.Debug|Mixed Platforms.ActiveCfg = Debug|Any CPU
		{198ABB10-248C-4C19-AAAA-A027995BE108}.Debug|Mixed Platforms.Build.0 = Debug|Any CPU
		{198ABB10-248C-4C19-AAAA-A027995BE108}.Debug|x64.ActiveCfg = Debug|Any CPU
		{198ABB10-248C-4C19-AAAA-A027995BE108}.Debug|x86.ActiveCfg = Debug|Any CPU
		{198ABB10-248C-4C19-AAAA-A027995BE108}.Release|Any CPU.ActiveCfg = Release|Any CPU
		{198ABB10-248C-4C19-AAAA-A027995BE108}.Release|Any CPU.Build.0 = Release|Any CPU
		{198ABB10-248C-4C19-AAAA-A027995BE108}.Release|ARM.ActiveCfg = Release|Any CPU
		{198ABB10-248C-4C19-AAAA-A027995BE108}.Release|Mixed Platforms.ActiveCfg = Release|Any CPU
		{198ABB10-248C-4C19-AAAA-A027995BE108}.Release|Mixed Platforms.Build.0 = Release|Any CPU
		{198ABB10-248C-4C19-AAAA-A027995BE108}.Release|x64.ActiveCfg = Release|Any CPU
		{198ABB10-248C-4C19-AAAA-A027995BE108}.Release|x86.ActiveCfg = Release|Any CPU
		{220D67B9-5D64-4900-93C8-359F9D8DD8AD}.Debug|Any CPU.ActiveCfg = Debug|x86
		{220D67B9-5D64-4900-93C8-359F9D8DD8AD}.Debug|ARM.ActiveCfg = Debug|x86
		{220D67B9-5D64-4900-93C8-359F9D8DD8AD}.Debug|Mixed Platforms.ActiveCfg = Debug|x86
		{220D67B9-5D64-4900-93C8-359F9D8DD8AD}.Debug|Mixed Platforms.Build.0 = Debug|x86
		{220D67B9-5D64-4900-93C8-359F9D8DD8AD}.Debug|x64.ActiveCfg = Debug|x86
		{220D67B9-5D64-4900-93C8-359F9D8DD8AD}.Debug|x86.ActiveCfg = Debug|x86
		{220D67B9-5D64-4900-93C8-359F9D8DD8AD}.Debug|x86.Build.0 = Debug|x86
		{220D67B9-5D64-4900-93C8-359F9D8DD8AD}.Release|Any CPU.ActiveCfg = Release|x86
		{220D67B9-5D64-4900-93C8-359F9D8DD8AD}.Release|ARM.ActiveCfg = Release|x86
		{220D67B9-5D64-4900-93C8-359F9D8DD8AD}.Release|Mixed Platforms.ActiveCfg = Release|x86
		{220D67B9-5D64-4900-93C8-359F9D8DD8AD}.Release|Mixed Platforms.Build.0 = Release|x86
		{220D67B9-5D64-4900-93C8-359F9D8DD8AD}.Release|x64.ActiveCfg = Release|x86
		{220D67B9-5D64-4900-93C8-359F9D8DD8AD}.Release|x86.ActiveCfg = Release|x86
		{220D67B9-5D64-4900-93C8-359F9D8DD8AD}.Release|x86.Build.0 = Release|x86
		{2FC37A00-03E7-41F4-9377-B4E812C110D4}.Debug|Any CPU.ActiveCfg = Debug|Any CPU
		{2FC37A00-03E7-41F4-9377-B4E812C110D4}.Debug|Any CPU.Build.0 = Debug|Any CPU
		{2FC37A00-03E7-41F4-9377-B4E812C110D4}.Debug|ARM.ActiveCfg = Debug|Any CPU
		{2FC37A00-03E7-41F4-9377-B4E812C110D4}.Debug|Mixed Platforms.ActiveCfg = Debug|Any CPU
		{2FC37A00-03E7-41F4-9377-B4E812C110D4}.Debug|Mixed Platforms.Build.0 = Debug|Any CPU
		{2FC37A00-03E7-41F4-9377-B4E812C110D4}.Debug|x64.ActiveCfg = Debug|Any CPU
		{2FC37A00-03E7-41F4-9377-B4E812C110D4}.Debug|x86.ActiveCfg = Debug|Any CPU
		{2FC37A00-03E7-41F4-9377-B4E812C110D4}.Release|Any CPU.ActiveCfg = Release|Any CPU
		{2FC37A00-03E7-41F4-9377-B4E812C110D4}.Release|Any CPU.Build.0 = Release|Any CPU
		{2FC37A00-03E7-41F4-9377-B4E812C110D4}.Release|ARM.ActiveCfg = Release|Any CPU
		{2FC37A00-03E7-41F4-9377-B4E812C110D4}.Release|Mixed Platforms.ActiveCfg = Release|Any CPU
		{2FC37A00-03E7-41F4-9377-B4E812C110D4}.Release|Mixed Platforms.Build.0 = Release|Any CPU
		{2FC37A00-03E7-41F4-9377-B4E812C110D4}.Release|x64.ActiveCfg = Release|Any CPU
		{2FC37A00-03E7-41F4-9377-B4E812C110D4}.Release|x86.ActiveCfg = Release|Any CPU
		{1E9FA973-C3A3-444E-B267-0DCEB6625B8B}.Debug|Any CPU.ActiveCfg = Debug|Any CPU
		{1E9FA973-C3A3-444E-B267-0DCEB6625B8B}.Debug|Any CPU.Build.0 = Debug|Any CPU
		{1E9FA973-C3A3-444E-B267-0DCEB6625B8B}.Debug|ARM.ActiveCfg = Debug|Any CPU
		{1E9FA973-C3A3-444E-B267-0DCEB6625B8B}.Debug|Mixed Platforms.ActiveCfg = Debug|Any CPU
		{1E9FA973-C3A3-444E-B267-0DCEB6625B8B}.Debug|Mixed Platforms.Build.0 = Debug|Any CPU
		{1E9FA973-C3A3-444E-B267-0DCEB6625B8B}.Debug|x64.ActiveCfg = Debug|Any CPU
		{1E9FA973-C3A3-444E-B267-0DCEB6625B8B}.Debug|x86.ActiveCfg = Debug|Any CPU
		{1E9FA973-C3A3-444E-B267-0DCEB6625B8B}.Release|Any CPU.ActiveCfg = Release|Any CPU
		{1E9FA973-C3A3-444E-B267-0DCEB6625B8B}.Release|Any CPU.Build.0 = Release|Any CPU
		{1E9FA973-C3A3-444E-B267-0DCEB6625B8B}.Release|ARM.ActiveCfg = Release|Any CPU
		{1E9FA973-C3A3-444E-B267-0DCEB6625B8B}.Release|Mixed Platforms.ActiveCfg = Release|Any CPU
		{1E9FA973-C3A3-444E-B267-0DCEB6625B8B}.Release|Mixed Platforms.Build.0 = Release|Any CPU
		{1E9FA973-C3A3-444E-B267-0DCEB6625B8B}.Release|x64.ActiveCfg = Release|Any CPU
		{1E9FA973-C3A3-444E-B267-0DCEB6625B8B}.Release|x86.ActiveCfg = Release|Any CPU
		{4543DD15-853B-4ED6-86D5-1DC619EB3076}.Debug|Any CPU.ActiveCfg = Debug|Any CPU
		{4543DD15-853B-4ED6-86D5-1DC619EB3076}.Debug|Any CPU.Build.0 = Debug|Any CPU
		{4543DD15-853B-4ED6-86D5-1DC619EB3076}.Debug|ARM.ActiveCfg = Debug|Any CPU
		{4543DD15-853B-4ED6-86D5-1DC619EB3076}.Debug|Mixed Platforms.ActiveCfg = Debug|Any CPU
		{4543DD15-853B-4ED6-86D5-1DC619EB3076}.Debug|Mixed Platforms.Build.0 = Debug|Any CPU
		{4543DD15-853B-4ED6-86D5-1DC619EB3076}.Debug|x64.ActiveCfg = Debug|Any CPU
		{4543DD15-853B-4ED6-86D5-1DC619EB3076}.Debug|x86.ActiveCfg = Debug|Any CPU
		{4543DD15-853B-4ED6-86D5-1DC619EB3076}.Release|Any CPU.ActiveCfg = Release|Any CPU
		{4543DD15-853B-4ED6-86D5-1DC619EB3076}.Release|Any CPU.Build.0 = Release|Any CPU
		{4543DD15-853B-4ED6-86D5-1DC619EB3076}.Release|ARM.ActiveCfg = Release|Any CPU
		{4543DD15-853B-4ED6-86D5-1DC619EB3076}.Release|Mixed Platforms.ActiveCfg = Release|Any CPU
		{4543DD15-853B-4ED6-86D5-1DC619EB3076}.Release|Mixed Platforms.Build.0 = Release|Any CPU
		{4543DD15-853B-4ED6-86D5-1DC619EB3076}.Release|x64.ActiveCfg = Release|Any CPU
		{4543DD15-853B-4ED6-86D5-1DC619EB3076}.Release|x86.ActiveCfg = Release|Any CPU
		{EB793C0C-4226-41E5-B3DD-D6C18DF12085}.Debug|Any CPU.ActiveCfg = Debug|Any CPU
		{EB793C0C-4226-41E5-B3DD-D6C18DF12085}.Debug|Any CPU.Build.0 = Debug|Any CPU
		{EB793C0C-4226-41E5-B3DD-D6C18DF12085}.Debug|Any CPU.Deploy.0 = Debug|Any CPU
		{EB793C0C-4226-41E5-B3DD-D6C18DF12085}.Debug|ARM.ActiveCfg = Debug|ARM
		{EB793C0C-4226-41E5-B3DD-D6C18DF12085}.Debug|ARM.Build.0 = Debug|ARM
		{EB793C0C-4226-41E5-B3DD-D6C18DF12085}.Debug|ARM.Deploy.0 = Debug|ARM
		{EB793C0C-4226-41E5-B3DD-D6C18DF12085}.Debug|Mixed Platforms.ActiveCfg = Debug|x86
		{EB793C0C-4226-41E5-B3DD-D6C18DF12085}.Debug|Mixed Platforms.Build.0 = Debug|x86
		{EB793C0C-4226-41E5-B3DD-D6C18DF12085}.Debug|Mixed Platforms.Deploy.0 = Debug|x86
		{EB793C0C-4226-41E5-B3DD-D6C18DF12085}.Debug|x64.ActiveCfg = Debug|x64
		{EB793C0C-4226-41E5-B3DD-D6C18DF12085}.Debug|x64.Build.0 = Debug|x64
		{EB793C0C-4226-41E5-B3DD-D6C18DF12085}.Debug|x64.Deploy.0 = Debug|x64
		{EB793C0C-4226-41E5-B3DD-D6C18DF12085}.Debug|x86.ActiveCfg = Debug|x86
		{EB793C0C-4226-41E5-B3DD-D6C18DF12085}.Debug|x86.Build.0 = Debug|x86
		{EB793C0C-4226-41E5-B3DD-D6C18DF12085}.Debug|x86.Deploy.0 = Debug|x86
		{EB793C0C-4226-41E5-B3DD-D6C18DF12085}.Release|Any CPU.ActiveCfg = Release|Any CPU
		{EB793C0C-4226-41E5-B3DD-D6C18DF12085}.Release|Any CPU.Build.0 = Release|Any CPU
		{EB793C0C-4226-41E5-B3DD-D6C18DF12085}.Release|Any CPU.Deploy.0 = Release|Any CPU
		{EB793C0C-4226-41E5-B3DD-D6C18DF12085}.Release|ARM.ActiveCfg = Release|ARM
		{EB793C0C-4226-41E5-B3DD-D6C18DF12085}.Release|ARM.Build.0 = Release|ARM
		{EB793C0C-4226-41E5-B3DD-D6C18DF12085}.Release|ARM.Deploy.0 = Release|ARM
		{EB793C0C-4226-41E5-B3DD-D6C18DF12085}.Release|Mixed Platforms.ActiveCfg = Release|x86
		{EB793C0C-4226-41E5-B3DD-D6C18DF12085}.Release|Mixed Platforms.Build.0 = Release|x86
		{EB793C0C-4226-41E5-B3DD-D6C18DF12085}.Release|Mixed Platforms.Deploy.0 = Release|x86
		{EB793C0C-4226-41E5-B3DD-D6C18DF12085}.Release|x64.ActiveCfg = Release|x64
		{EB793C0C-4226-41E5-B3DD-D6C18DF12085}.Release|x64.Build.0 = Release|x64
		{EB793C0C-4226-41E5-B3DD-D6C18DF12085}.Release|x64.Deploy.0 = Release|x64
		{EB793C0C-4226-41E5-B3DD-D6C18DF12085}.Release|x86.ActiveCfg = Release|x86
		{EB793C0C-4226-41E5-B3DD-D6C18DF12085}.Release|x86.Build.0 = Release|x86
		{EB793C0C-4226-41E5-B3DD-D6C18DF12085}.Release|x86.Deploy.0 = Release|x86
		{E81959DC-6C9B-488B-92DE-FFF2C58D6F94}.Debug|Any CPU.ActiveCfg = Debug|Any CPU
		{E81959DC-6C9B-488B-92DE-FFF2C58D6F94}.Debug|Any CPU.Build.0 = Debug|Any CPU
		{E81959DC-6C9B-488B-92DE-FFF2C58D6F94}.Debug|ARM.ActiveCfg = Debug|Any CPU
		{E81959DC-6C9B-488B-92DE-FFF2C58D6F94}.Debug|Mixed Platforms.ActiveCfg = Debug|Any CPU
		{E81959DC-6C9B-488B-92DE-FFF2C58D6F94}.Debug|Mixed Platforms.Build.0 = Debug|Any CPU
		{E81959DC-6C9B-488B-92DE-FFF2C58D6F94}.Debug|x64.ActiveCfg = Debug|Any CPU
		{E81959DC-6C9B-488B-92DE-FFF2C58D6F94}.Debug|x86.ActiveCfg = Debug|Any CPU
		{E81959DC-6C9B-488B-92DE-FFF2C58D6F94}.Release|Any CPU.ActiveCfg = Release|Any CPU
		{E81959DC-6C9B-488B-92DE-FFF2C58D6F94}.Release|Any CPU.Build.0 = Release|Any CPU
		{E81959DC-6C9B-488B-92DE-FFF2C58D6F94}.Release|ARM.ActiveCfg = Release|Any CPU
		{E81959DC-6C9B-488B-92DE-FFF2C58D6F94}.Release|Mixed Platforms.ActiveCfg = Release|Any CPU
		{E81959DC-6C9B-488B-92DE-FFF2C58D6F94}.Release|Mixed Platforms.Build.0 = Release|Any CPU
		{E81959DC-6C9B-488B-92DE-FFF2C58D6F94}.Release|x64.ActiveCfg = Release|Any CPU
		{E81959DC-6C9B-488B-92DE-FFF2C58D6F94}.Release|x86.ActiveCfg = Release|Any CPU
		{85DF9124-2D62-45D6-A839-86E19BEB73E3}.Debug|Any CPU.ActiveCfg = Debug|Any CPU
		{85DF9124-2D62-45D6-A839-86E19BEB73E3}.Debug|Any CPU.Build.0 = Debug|Any CPU
		{85DF9124-2D62-45D6-A839-86E19BEB73E3}.Debug|ARM.ActiveCfg = Debug|Any CPU
		{85DF9124-2D62-45D6-A839-86E19BEB73E3}.Debug|Mixed Platforms.ActiveCfg = Debug|Any CPU
		{85DF9124-2D62-45D6-A839-86E19BEB73E3}.Debug|Mixed Platforms.Build.0 = Debug|Any CPU
		{85DF9124-2D62-45D6-A839-86E19BEB73E3}.Debug|x64.ActiveCfg = Debug|Any CPU
		{85DF9124-2D62-45D6-A839-86E19BEB73E3}.Debug|x86.ActiveCfg = Debug|Any CPU
		{85DF9124-2D62-45D6-A839-86E19BEB73E3}.Release|Any CPU.ActiveCfg = Release|Any CPU
		{85DF9124-2D62-45D6-A839-86E19BEB73E3}.Release|Any CPU.Build.0 = Release|Any CPU
		{85DF9124-2D62-45D6-A839-86E19BEB73E3}.Release|ARM.ActiveCfg = Release|Any CPU
		{85DF9124-2D62-45D6-A839-86E19BEB73E3}.Release|Mixed Platforms.ActiveCfg = Release|Any CPU
		{85DF9124-2D62-45D6-A839-86E19BEB73E3}.Release|Mixed Platforms.Build.0 = Release|Any CPU
		{85DF9124-2D62-45D6-A839-86E19BEB73E3}.Release|x64.ActiveCfg = Release|Any CPU
		{85DF9124-2D62-45D6-A839-86E19BEB73E3}.Release|x86.ActiveCfg = Release|Any CPU
	EndGlobalSection
	GlobalSection(SolutionProperties) = preSolution
		HideSolutionNode = FALSE
	EndGlobalSection
	GlobalSection(NestedProjects) = preSolution
		{7EEB96F8-2341-4CD0-A248-99877B358C30} = {EB67B4A2-CE54-4EBD-AC6A-B9390363B2DD}
		{745F91FB-0DE7-457A-AACC-DC7864C36CEA} = {EB67B4A2-CE54-4EBD-AC6A-B9390363B2DD}
		{38730538-F7B8-4352-8358-BE3ED0CAC4BB} = {EB67B4A2-CE54-4EBD-AC6A-B9390363B2DD}
		{198ABB10-248C-4C19-AAAA-A027995BE108} = {EB67B4A2-CE54-4EBD-AC6A-B9390363B2DD}
		{220D67B9-5D64-4900-93C8-359F9D8DD8AD} = {EB67B4A2-CE54-4EBD-AC6A-B9390363B2DD}
		{2FC37A00-03E7-41F4-9377-B4E812C110D4} = {55C99E2F-97B2-49F3-99FB-A1B512C670A1}
		{1E9FA973-C3A3-444E-B267-0DCEB6625B8B} = {55C99E2F-97B2-49F3-99FB-A1B512C670A1}
		{4543DD15-853B-4ED6-86D5-1DC619EB3076} = {55C99E2F-97B2-49F3-99FB-A1B512C670A1}
		{EB793C0C-4226-41E5-B3DD-D6C18DF12085} = {55C99E2F-97B2-49F3-99FB-A1B512C670A1}
		{E81959DC-6C9B-488B-92DE-FFF2C58D6F94} = {2B31D46A-3824-46F9-A590-829F8B548162}
		{85DF9124-2D62-45D6-A839-86E19BEB73E3} = {2B31D46A-3824-46F9-A590-829F8B548162}
	EndGlobalSection
EndGlobal
